
Microsoft Visual Studio Solution File, Format Version 12.00
# Visual Studio Version 16
VisualStudioVersion = 16.0.28803.156
MinimumVisualStudioVersion = 10.0.40219.1
Project("{FAE04EC0-301F-11D3-BF4B-00C04F79EFBC}") = "Loja.LojaVirtual.Dominio", "Loja.LojaVirtual.Dominio\Loja.LojaVirtual.Dominio.csproj", "{4A923652-EAF8-49C6-A49C-FD7795B665A6}"
EndProject
Project("{FAE04EC0-301F-11D3-BF4B-00C04F79EFBC}") = "Loja.LojaVirtual.Web", "Loja.LojaVirtual.Web\Loja.LojaVirtual.Web.csproj", "{C308C22F-E774-4241-A533-9C6DB471FD00}"
EndProject
Project("{FAE04EC0-301F-11D3-BF4B-00C04F79EFBC}") = "Loja.LojaVirtual.UnitTest", "Loja.LojaVirtual.UnitTest\Loja.LojaVirtual.UnitTest.csproj", "{AA1B36D9-3292-48ED-9DE1-828DE195897C}"
EndProject
Global
	GlobalSection(SolutionConfigurationPlatforms) = preSolution
		Debug|Any CPU = Debug|Any CPU
		Release|Any CPU = Release|Any CPU
	EndGlobalSection
	GlobalSection(ProjectConfigurationPlatforms) = postSolution
		{4A923652-EAF8-49C6-A49C-FD7795B665A6}.Debug|Any CPU.ActiveCfg = Debug|Any CPU
		{4A923652-EAF8-49C6-A49C-FD7795B665A6}.Debug|Any CPU.Build.0 = Debug|Any CPU
		{4A923652-EAF8-49C6-A49C-FD7795B665A6}.Release|Any CPU.ActiveCfg = Release|Any CPU
		{4A923652-EAF8-49C6-A49C-FD7795B665A6}.Release|Any CPU.Build.0 = Release|Any CPU
		{C308C22F-E774-4241-A533-9C6DB471FD00}.Debug|Any CPU.ActiveCfg = Debug|Any CPU
		{C308C22F-E774-4241-A533-9C6DB471FD00}.Debug|Any CPU.Build.0 = Debug|Any CPU
		{C308C22F-E774-4241-A533-9C6DB471FD00}.Release|Any CPU.ActiveCfg = Release|Any CPU
		{C308C22F-E774-4241-A533-9C6DB471FD00}.Release|Any CPU.Build.0 = Release|Any CPU
		{AA1B36D9-3292-48ED-9DE1-828DE195897C}.Debug|Any CPU.ActiveCfg = Debug|Any CPU
		{AA1B36D9-3292-48ED-9DE1-828DE195897C}.Debug|Any CPU.Build.0 = Debug|Any CPU
		{AA1B36D9-3292-48ED-9DE1-828DE195897C}.Release|Any CPU.ActiveCfg = Release|Any CPU
		{AA1B36D9-3292-48ED-9DE1-828DE195897C}.Release|Any CPU.Build.0 = Release|Any CPU
	EndGlobalSection
	GlobalSection(SolutionProperties) = preSolution
		HideSolutionNode = FALSE
	EndGlobalSection
	GlobalSection(ExtensibilityGlobals) = postSolution
		SolutionGuid = {142EC2E7-A81A-4C1A-8DF6-9081E98D6EE0}
	EndGlobalSection
EndGlobal
